{
  "name": "herdr-lcars",
  "version": "0.1.0",
  "lockfileVersion": 3,
  "requires": true,
  "packages": {
    "": {
      "name": "herdr-lcars",
      "version": "0.1.0",
      "license": "MIT",
      "os": [
        "darwin",
        "linux",
        "win32"
      ],
      "bin": {
        "herdr-lcars": "bin/lcars-bridge.mjs",
        "lcars-bridge": "bin/lcars-bridge.mjs"
      },
      "engines": {
        "node": ">=22"
      }
    }
  }
}
